
Microsoft Visual Studio Solution File, Format Version 12.00
# Visual Studio 15
VisualStudioVersion = 15.0.27130.2027
MinimumVisualStudioVersion = 10.0.40219.1
Project("{FAE04EC0-301F-11D3-BF4B-00C04F79EFBC}") = "ConsoleApp1", "ConsoleApp1\ConsoleApp1.csproj", "{0714DB79-E722-4F26-B8FB-85624B07D4BC}"
EndProject
Global
	GlobalSection(SolutionConfigurationPlatforms) = preSolution
		Debug|Any CPU = Debug|Any CPU
		Release|Any CPU = Release|Any CPU
	EndGlobalSection
	GlobalSection(ProjectConfigurationPlatforms) = postSolution
		{0714DB79-E722-4F26-B8FB-85624B07D4BC}.Debug|Any CPU.ActiveCfg = Debug|Any CPU
		{0714DB79-E722-4F26-B8FB-85624B07D4BC}.Debug|Any CPU.Build.0 = Debug|Any CPU
		{0714DB79-E722-4F26-B8FB-85624B07D4BC}.Release|Any CPU.ActiveCfg = Release|Any CPU
		{0714DB79-E722-4F26-B8FB-85624B07D4BC}.Release|Any CPU.Build.0 = Release|Any CPU
	EndGlobalSection
	GlobalSection(SolutionProperties) = preSolution
		HideSolutionNode = FALSE
	EndGlobalSection
	GlobalSection(ExtensibilityGlobals) = postSolution
		SolutionGuid = {AE9CDE55-3936-480D-9D6F-A751BA63EDB4}
	EndGlobalSection
EndGlobal
